PODS:
  - Realm (10.21.0):
    - Realm/Headers (= 10.21.0)
  - Realm/Headers (10.21.0)
  - RealmSwift (10.21.0):
    - Realm (= 10.21.0)

DEPENDENCIES:
  - RealmSwift

SPEC REPOS:
  trunk:
    - Realm
    - RealmSwift

SPEC CHECKSUMS:
  Realm: 55220cda83aabd773740d18518e05fdbe00b87cc
  RealmSwift: 129dce1dd6b5d9194a37f568aaf32a6c10d1a803

PODFILE CHECKSUM: 59322159a5b4da1f43ef1051e43edea86c5173a6

COCOAPODS: 1.11.2
